
Microsoft Visual Studio Solution File, Format Version 12.00
# Visual Studio Version 17
VisualStudioVersion = 17.13.35919.96 d17.13
MinimumVisualStudioVersion = 10.0.40219.1
Project("{FAE04EC0-301F-11D3-BF4B-00C04F79EFBC}") = "bai2", "bai2\bai2.csproj", "{F711AE9C-D3DB-4E14-AEEE-0BF2D81F5483}"
EndProject
Global
	GlobalSection(SolutionConfigurationPlatforms) = preSolution
		Debug|Any CPU = Debug|Any CPU
		Release|Any CPU = Release|Any CPU
	EndGlobalSection
	GlobalSection(ProjectConfigurationPlatforms) = postSolution
		{F711AE9C-D3DB-4E14-AEEE-0BF2D81F5483}.Debug|Any CPU.ActiveCfg = Debug|Any CPU
		{F711AE9C-D3DB-4E14-AEEE-0BF2D81F5483}.Debug|Any CPU.Build.0 = Debug|Any CPU
		{F711AE9C-D3DB-4E14-AEEE-0BF2D81F5483}.Release|Any CPU.ActiveCfg = Release|Any CPU
		{F711AE9C-D3DB-4E14-AEEE-0BF2D81F5483}.Release|Any CPU.Build.0 = Release|Any CPU
	EndGlobalSection
	GlobalSection(SolutionProperties) = preSolution
		HideSolutionNode = FALSE
	EndGlobalSection
	GlobalSection(ExtensibilityGlobals) = postSolution
		SolutionGuid = {D1995C64-62AF-4585-814A-FA3290635EFC}
	EndGlobalSection
EndGlobal
